
Microsoft Visual Studio Solution File, Format Version 12.00
# Visual Studio Version 16
VisualStudioVersion = 16.0.29806.167
MinimumVisualStudioVersion = 10.0.40219.1
Project("{8BC9CEB8-8B4A-11D0-8D11-00A0C91BC942}") = "GET RECT", "GET RECT.vcxproj", "{142E53A7-9C45-4BFF-9105-6ECE7B844F25}"
EndProject
Global
	GlobalSection(SolutionConfigurationPlatforms) = preSolution
		Debug|x64 = Debug|x64
		Debug|x86 = Debug|x86
		Release|x64 = Release|x64
		Release|x86 = Release|x86
	EndGlobalSection
	GlobalSection(ProjectConfigurationPlatforms) = postSolution
		{142E53A7-9C45-4BFF-9105-6ECE7B844F25}.Debug|x64.ActiveCfg = Debug|x64
		{142E53A7-9C45-4BFF-9105-6ECE7B844F25}.Debug|x64.Build.0 = Debug|x64
		{142E53A7-9C45-4BFF-9105-6ECE7B844F25}.Debug|x86.ActiveCfg = Debug|Win32
		{142E53A7-9C45-4BFF-9105-6ECE7B844F25}.Debug|x86.Build.0 = Debug|Win32
		{142E53A7-9C45-4BFF-9105-6ECE7B844F25}.Release|x64.ActiveCfg = Release|x64
		{142E53A7-9C45-4BFF-9105-6ECE7B844F25}.Release|x64.Build.0 = Release|x64
		{142E53A7-9C45-4BFF-9105-6ECE7B844F25}.Release|x86.ActiveCfg = Release|Win32
		{142E53A7-9C45-4BFF-9105-6ECE7B844F25}.Release|x86.Build.0 = Release|Win32
	EndGlobalSection
	GlobalSection(SolutionProperties) = preSolution
		HideSolutionNode = FALSE
	EndGlobalSection
	GlobalSection(ExtensibilityGlobals) = postSolution
		SolutionGuid = {34356D27-E0AA-420D-9D3C-E5B0F2DE669B}
	EndGlobalSection
EndGlobal
